{
  "version": "5",
  "specifiers": {
    "jsr:@quentinadam/assert@~0.1.18": "0.1.18",
    "jsr:@quentinadam/ensure@~0.1.6": "0.1.6",
    "jsr:@quentinadam/uint8array-extension@~0.1.19": "0.1.19",
    "jsr:@quentinadam/zip@*": "0.1.17",
    "jsr:@quentinadam/zip@~0.1.17": "0.1.17",
    "jsr:@std/assert@1": "1.0.19",
    "jsr:@std/cli@1": "1.0.32",
    "jsr:@std/fmt@^1.0.10": "1.0.10",
    "jsr:@std/fs@1": "1.0.24",
    "jsr:@std/internal@^1.0.12": "1.0.14",
    "jsr:@std/internal@^1.0.14": "1.0.14",
    "jsr:@std/path@1": "1.1.6",
    "jsr:@std/path@^1.1.5": "1.1.6",
    "npm:lua-types@2.14.1": "2.14.1",
    "npm:typed-factorio@4.2.0": "4.2.0_lua-types@2.14.1_typescript-to-lua@1.37.1_typescript@6.0.2",
    "npm:typescript-to-lua@*": "1.37.1_typescript@6.0.2",
    "npm:typescript-to-lua@1.37.1": "1.37.1_typescript@6.0.2",
    "npm:typescript@6.0.2": "6.0.2"
  },
  "jsr": {
    "@quentinadam/assert@0.1.18": {
      "integrity": "33a484ad66cab3d5453f69730d49c05bded72b7ff1bd54b5cc3fc2327fe314ca"
    },
    "@quentinadam/ensure@0.1.6": {
      "integrity": "67ac14be280165486613bab54c619bad1783e569601584c3ad63536f08610818",
      "dependencies": [
        "jsr:@quentinadam/assert"
      ]
    },
    "@quentinadam/uint8array-extension@0.1.19": {
      "integrity": "485b6b7fbc265502c11ccbe151f90f240b59399a40f9e3cef2003e36f950249a",
      "dependencies": [
        "jsr:@quentinadam/assert"
      ]
    },
    "@quentinadam/zip@0.1.17": {
      "integrity": "437d187f6f0161cc6e1575e90266cc10e10c753999756fb13e87d80f56d10251",
      "dependencies": [
        "jsr:@quentinadam/assert",
        "jsr:@quentinadam/ensure",
        "jsr:@quentinadam/uint8array-extension"
      ]
    },
    "@std/assert@1.0.19": {
      "integrity": "eaada96ee120cb980bc47e040f82814d786fe8162ecc53c91d8df60b8755991e",
      "dependencies": [
        "jsr:@std/internal@^1.0.12"
      ]
    },
    "@std/cli@1.0.32": {
      "integrity": "188b3a100d6202d64e3f5bd3d799c7fa4f6d77f92cc65eb7f641c1fa0aa92a66",
      "dependencies": [
        "jsr:@std/fmt",
        "jsr:@std/internal@^1.0.14"
      ]
    },
    "@std/fmt@1.0.10": {
      "integrity": "90dfba288802ac6de82fb31d0917eb9e4450b9925b954d5e51fc29ac07419db5"
    },
    "@std/fs@1.0.24": {
      "integrity": "f3061b45b81673a2bece689da041df32d174be064c89eb6397fb5718d3fb7877",
      "dependencies": [
        "jsr:@std/internal@^1.0.14",
        "jsr:@std/path@^1.1.5"
      ]
    },
    "@std/internal@1.0.14": {
      "integrity": "291516b3d4c35024d6ffbc0a9df5bf4c64116e05b50012cf846710152d2ffdf7"
    },
    "@std/path@1.1.6": {
      "integrity": "c68485c2a4dfbb5ae3cc74fae4e8c4e5d874cf8a8ed12927917235c758b46cbe",
      "dependencies": [
        "jsr:@std/internal@^1.0.14"
      ]
    }
  },
  "npm": {
    "@typescript-to-lua/language-extensions@1.19.0": {
      "integrity": "sha512-Os5wOKwviTD4LeqI29N0btYOjokSJ97iCf45EOjIABlb5IwNQy7AE/AqZJobRw3ywHH8+KzJUMkEirWPzh2tUA=="
    },
    "enhanced-resolve@5.8.2": {
      "integrity": "sha512-F27oB3WuHDzvR2DOGNTaYy0D5o0cnrv8TeI482VM4kYgQd/FT9lUQwuNsJ0oOHtBUq7eiW5ytqzp7nBFknL+GA==",
      "dependencies": [
        "graceful-fs",
        "tapable"
      ]
    },
    "es-errors@1.3.0": {
      "integrity": "sha512-Zf5H2Kxt2xjTvbJvP2ZWLEICxA6j+hAmMzIlypy4xcBg1vKVnx89Wy0GbS+kf5cwCVFFzdCFh2XSCFNULS6csw=="
    },
    "function-bind@1.1.2": {
      "integrity": "sha512-7XHNxH7qX9xG5mIwxkhumTox/MIRNcOgDrxWsMt2pAr23WHp6MrRlN7FBSFpCpr+oVO0F744iUgR82nJMfG2SA=="
    },
    "graceful-fs@4.2.11": {
      "integrity": "sha512-RbJ5/jmFcNNCcDV5o9eTnBLJ/HszWV0P73bc+Ff4nS/rJj+YaS6IGyiOL0VoBYX+l1Wrl3k63h/KrH+nhJ0XvQ=="
    },
    "hasown@2.0.4": {
      "integrity": "sha512-T2UbfbBEF32wiepXIsMlTW9+dDYC6wMh/t/vYA4tuOMKqWz/n3vr1NFSxQiyP+zk2mXsoMA/i/7qV6LKut1t1A==",
      "dependencies": [
        "function-bind"
      ]
    },
    "is-core-module@2.17.0": {
      "integrity": "sha512-J/vG0zBCbIKOQFfufSwyXdMrsohyJIUNkrnmo6WZGzoM7tr/lsbfW5b2BvisL6zsyMzK9UxV9L6c7AoFbyXHOA==",
      "dependencies": [
        "hasown"
      ]
    },
    "lua-types@2.14.1": {
      "integrity": "sha512-+EbnTjF+Bbfp5xmpfT0O9AZgC5J6Oq6jRnZei3HLb0pbWuCRHmdnIVRPIgEpUncWvHq21DHB2qTHhA4xGceHHg=="
    },
    "path-parse@1.0.7": {
      "integrity": "sha512-LDJzPVEEEPR+y48z93A0Ed0yXb8pAByGWo/k5YYdYgpY2/2EsOsksJrq7lOHxryrVOn1ejG6oAp8ahvOIQD8sw=="
    },
    "picomatch@2.3.2": {
      "integrity": "sha512-V7+vQEJ06Z+c5tSye8S+nHUfI51xoXIXjHQ99cQtKUkQqqO1kO/KCJUfZXuB47h/YBlDhah2H3hdUGXn8ie0oA=="
    },
    "resolve@1.22.12": {
      "integrity": "sha512-TyeJ1zif53BPfHootBGwPRYT1RUt6oGWsaQr8UyZW/eAm9bKoijtvruSDEmZHm92CwS9nj7/fWttqPCgzep8CA==",
      "dependencies": [
        "es-errors",
        "is-core-module",
        "path-parse",
        "supports-preserve-symlinks-flag"
      ],
      "bin": true
    },
    "source-map@0.7.6": {
      "integrity": "sha512-i5uvt8C3ikiWeNZSVZNWcfZPItFQOsYTUAOkcUPGd8DqDy1uOUikjt5dG+uRlwyvR108Fb9DOd4GvXfT0N2/uQ=="
    },
    "supports-preserve-symlinks-flag@1.0.0": {
      "integrity": "sha512-ot0WnXS9fgdkgIcePe6RHNk1WA8+muPa6cSjeR3V8K27q9BB1rTE3R1p7Hv0z1ZyAc8s6Vvv8DIyWf681MAt0w=="
    },
    "tapable@2.3.3": {
      "integrity": "sha512-uxc/zpqFg6x7C8vOE7lh6Lbda8eEL9zmVm/PLeTPBRhh1xCgdWaQ+J1CUieGpIfm2HdtsUpRv+HshiasBMcc6A=="
    },
    "typed-factorio@4.2.0_lua-types@2.14.1_typescript-to-lua@1.37.1_typescript@6.0.2": {
      "integrity": "sha512-BZoXEuDF3I0GuhHgZpZYCVhX1hNlAKOIZ9ld/T28fZzWzBWWQOqKZgJ+Aiir8DT7gTBHn/BGolHMJxWf7BAtZw==",
      "dependencies": [
        "lua-types",
        "typescript-to-lua"
      ]
    },
    "typescript-to-lua@1.37.1_typescript@6.0.2": {
      "integrity": "sha512-iOgG7UcfBxPzr2E/pNfamz2IEEOqub6nyivDoj2eDV5XRtKrHroCcR0uitvVzbRMUAITP71PHMJS3bNKVWG42g==",
      "dependencies": [
        "@typescript-to-lua/language-extensions",
        "enhanced-resolve",
        "picomatch",
        "resolve",
        "source-map",
        "typescript"
      ],
      "bin": true
    },
    "typescript@6.0.2": {
      "integrity": "sha512-bGdAIrZ0wiGDo5l8c++HWtbaNCWTS4UTv7RaTH/ThVIgjkveJt83m74bBHMJkuCbslY8ixgLBVZJIOiQlQTjfQ==",
      "bin": true
    }
  },
  "workspace": {
    "dependencies": [
      "jsr:@quentinadam/zip@~0.1.17",
      "jsr:@std/assert@1",
      "jsr:@std/cli@1",
      "jsr:@std/fs@1",
      "jsr:@std/path@1",
      "npm:lua-types@2.14.1",
      "npm:typed-factorio@4.2.0",
      "npm:typescript-to-lua@1.37.1",
      "npm:typescript@6.0.2"
    ]
  }
}
